
Microsoft Visual Studio Solution File, Format Version 12.00
# Visual Studio Version 17
VisualStudioVersion = 17.9.34723.18
MinimumVisualStudioVersion = 10.0.40219.1
Project("{FAE04EC0-301F-11D3-BF4B-00C04F79EFBC}") = "oktmo", "oktmo\oktmo.csproj", "{7B2D4B71-D0DC-45CB-939E-62354CA9095E}"
EndProject
Global
	GlobalSection(SolutionConfigurationPlatforms) = preSolution
		Debug|Any CPU = Debug|Any CPU
		Release|Any CPU = Release|Any CPU
	EndGlobalSection
	GlobalSection(ProjectConfigurationPlatforms) = postSolution
		{7B2D4B71-D0DC-45CB-939E-62354CA9095E}.Debug|Any CPU.ActiveCfg = Debug|Any CPU
		{7B2D4B71-D0DC-45CB-939E-62354CA9095E}.Debug|Any CPU.Build.0 = Debug|Any CPU
		{7B2D4B71-D0DC-45CB-939E-62354CA9095E}.Release|Any CPU.ActiveCfg = Release|Any CPU
		{7B2D4B71-D0DC-45CB-939E-62354CA9095E}.Release|Any CPU.Build.0 = Release|Any CPU
	EndGlobalSection
	GlobalSection(SolutionProperties) = preSolution
		HideSolutionNode = FALSE
	EndGlobalSection
	GlobalSection(ExtensibilityGlobals) = postSolution
		SolutionGuid = {A0D724DD-9100-49CA-BACE-EF7CCDFC65B8}
	EndGlobalSection
EndGlobal
